// !$*UTF8*$!
{
	archiveVersion = 1;
	classes = {
	};
	objectVersion = 46;
	objects = {

/* Begin PBXBuildFile section */
		3614F5241CCF4AE70010464D /* AppDelegate.swift in Sources */ = {isa = PBXBuildFile; fileRef = 3614F5231CCF4AE70010464D /* AppDelegate.swift */; };
		3614F5261CCF4AE70010464D /* ViewController.swift in Sources */ = {isa = PBXBuildFile; fileRef = 3614F5251CCF4AE70010464D /* ViewController.swift */; };
		3614F5291CCF4AE70010464D /* Main.storyboard in Resources */ = {isa = PBXBuildFile; fileRef = 3614F5271CCF4AE70010464D /* Main.storyboard */; };
		3614F52B1CCF4AE70010464D /* Assets.xcassets in Resources */ = {isa = PBXBuildFile; fileRef = 3614F52A1CCF4AE70010464D /* Assets.xcassets */; };
		3614F52E1CCF4AE70010464D /* LaunchScreen.storyboard in Resources */ = {isa = PBXBuildFile; fileRef = 3614F52C1CCF4AE70010464D /* LaunchScreen.storyboard */; };
/* End PBXBuildFile section */

/* Begin PBXFileReference section */
		3614F5201CCF4AE60010464D /* Calculator.app */ = {isa = PBXFileReference; explicitFileType = wrapper.application; includeInIndex = 0; path = Calculator.app; sourceTree = BUILT_PRODUCTS_DIR; };
		3614F5231CCF4AE70010464D /* AppDelegate.swift */ = {isa = PBXFileReference; lastKnownFileType = sourcecode.swift; name = AppDelegate.swift; path = Calculator/AppDelegate.swift; sourceTree = "<group>"; };
		3614F5251CCF4AE70010464D /* ViewController.swift */ = {isa = PBXFileReference; lastKnownFileType = sourcecode.swift; path = ViewController.swift; sourceTree = "<group>"; };
		3614F5281CCF4AE70010464D /* Base */ = {isa = PBXFileReference; lastKnownFileType = file.storyboard; name = Base; path = Base.lproj/Main.storyboard; sourceTree = "<group>"; };
		3614F52A1CCF4AE70010464D /* Assets.xcassets */ = {isa = PBXFileReference; lastKnownFileType = folder.assetcatalog; name = Assets.xcassets; path = Calculator/Assets.xcassets; sourceTree = "<group>"; };
		3614F52D1CCF4AE70010464D /* Base */ = {isa = PBXFileReference; lastKnownFileType = file.storyboard; name = Base; path = Base.lproj/LaunchScreen.storyboard; sourceTree = "<group>"; };
		3614F52F1CCF4AE70010464D /* Info.plist */ = {isa = PBXFileReference; lastKnownFileType = text.plist.xml; name = Info.plist; path = Calculator/Info.plist; sourceTree = "<group>"; };
/* End PBXFileReference section */

/* Begin PBXFrameworksBuildPhase section */
		3614F51D1CCF4AE60010464D /* Frameworks */ = {
			isa = PBXFrameworksBuildPhase;
			buildActionMask = 2147483647;
			files = (
			);
			runOnlyForDeploymentPostprocessing = 0;
		};
/* End PBXFrameworksBuildPhase section */

/* Begin PBXGroup section */
		3614F5171CCF4AE60010464D = {
			isa = PBXGroup;
			children = (
				3614F5221CCF4AE70010464D /* Calculator */,
				3614F5211CCF4AE60010464D /* Products */,
				3614F5231CCF4AE70010464D /* AppDelegate.swift */,
				3614F52A1CCF4AE70010464D /* Assets.xcassets */,
				3614F52C1CCF4AE70010464D /* LaunchScreen.storyboard */,
				3614F52F1CCF4AE70010464D /* Info.plist */,
			);
			sourceTree = "<group>";
		};
		3614F5211CCF4AE60010464D /* Products */ = {
			isa = PBXGroup;
			children = (
				3614F5201CCF4AE60010464D /* Calculator.app */,
			);
			name = Products;
			sourceTree = "<group>";
		};
		3614F5221CCF4AE70010464D /* Calculator */ = {
			isa = PBXGroup;
			children = (
				3614F5251CCF4AE70010464D /* ViewController.swift */,
				3614F5271CCF4AE70010464D /* Main.storyboard */,
			);
			path = Calculator;
			sourceTree = "<group>";
		};
/* End PBXGroup section */

/* Begin PBXNativeTarget section */
		3614F51F1CCF4AE60010464D /* Calculator */ = {
			isa = PBXNativeTarget;
			buildConfigurationList = 3614F5321CCF4AE70010464D /* Build configuration list for PBXNativeTarget "Calculator" */;
			buildPhases = (
				3614F51C1CCF4AE60010464D /* Sources */,
				3614F51D1CCF4AE60010464D /* Frameworks */,
				3614F51E1CCF4AE60010464D /* Resources */,
			);
			buildRules = (
			);
			dependencies = (
			);
			name = Calculator;
			productName = Calculator;
			productReference = 3614F5201CCF4AE60010464D /* Calculator.app */;
			productType = "com.apple.product-type.application";
		};
/* End PBXNativeTarget section */

/* Begin PBXProject section */
		3614F5181CCF4AE60010464D /* Project object */ = {
			isa = PBXProject;
			attributes = {
				LastSwiftUpdateCheck = 0730;
				LastUpgradeCheck = 0730;
				ORGANIZATIONNAME = lifushuai;
				TargetAttributes = {
					3614F51F1CCF4AE60010464D = {
						CreatedOnToolsVersion = 7.3;
					};
				};
			};
			buildConfigurationList = 3614F51B1CCF4AE60010464D /* Build configuration list for PBXProject "Calculator" */;
			compatibilityVersion = "Xcode 3.2";
			developmentRegion = English;
			hasScannedForEncodings = 0;
			knownRegions = (
				en,
				Base,
			);
			mainGroup = 3614F5171CCF4AE60010464D;
			productRefGroup = 3614F5211CCF4AE60010464D /* Products */;
			projectDirPath = "";
			projectRoot = "";
			targets = (
				3614F51F1CCF4AE60010464D /* Calculator */,
			);
		};
/* End PBXProject section */

/* Begin PBXResourcesBuildPhase section */
		3614F51E1CCF4AE60010464D /* Resources */ = {
			isa = PBXResourcesBuildPhase;
			buildActionMask = 2147483647;
			files = (
				3614F52E1CCF4AE70010464D /* LaunchScreen.storyboard in Resources */,
				3614F52B1CCF4AE70010464D /* Assets.xcassets in Resources */,
				3614F5291CCF4AE70010464D /* Main.storyboard in Resources */,
			);
			runOnlyForDeploymentPostprocessing = 0;
		};
/* End PBXResourcesBuildPhase section */

/* Begin PBXSourcesBuildPhase section */
		3614F51C1CCF4AE60010464D /* Sources */ = {
			isa = PBXSourcesBuildPhase;
			buildActionMask = 2147483647;
			files = (
				3614F5261CCF4AE70010464D /* ViewController.swift in Sources */,
				3614F5241CCF4AE70010464D /* AppDelegate.swift in Sources */,
			);
			runOnlyForDeploymentPostprocessing = 0;
		};
/* End PBXSourcesBuildPhase section */

/* Begin PBXVariantGroup section */
		3614F5271CCF4AE70010464D /* Main.storyboard */ = {
			isa = PBXVariantGroup;
			children = (
				3614F5281CCF4AE70010464D /* Base */,
			);
			name = Main.storyboard;
			sourceTree = "<group>";
		};
		3614F52C1CCF4AE70010464D /* LaunchScreen.storyboard */ = {
			isa = PBXVariantGroup;
			children = (
				3614F52D1CCF4AE70010464D /* Base */,
			);
			name = LaunchScreen.storyboard;
			path = Calculator;
			sourceTree = "<group>";
		};
/* End PBXVariantGroup section */

/* Begin XCBuildConfiguration section */
		3614F5301CCF4AE70010464D /* Debug */ = {
			isa = XCBuildConfiguration;
			buildSettings = {
				ALWAYS_SEARCH_USER_PATHS = NO;
				CLANG_ANALYZER_NONNULL = YES;
				CLANG_CXX_LANGUAGE_STANDARD = "gnu++0x";
				CLANG_CXX_LIBRARY = "libc++";
				CLANG_ENABLE_MODULES = YES;
				CLANG_ENABLE_OBJC_ARC = YES;
				CLANG_WARN_BOOL_CONVERSION = YES;
				CLANG_WARN_CONSTANT_CONVERSION = YES;
				CLANG_WARN_DIRECT_OBJC_ISA_USAGE = YES_ERROR;
				CLANG_WARN_EMPTY_BODY = YES;
				CLANG_WARN_ENUM_CONVERSION = YES;
				CLANG_WARN_INT_CONVERSION = YES;
				CLANG_WARN_OBJC_ROOT_CLASS = YES_ERROR;
				CLANG_WARN_UNREACHABLE_CODE = YES;
				CLANG_WARN__DUPLICATE_METHOD_MATCH = YES;
				"CODE_SIGN_IDENTITY[sdk=iphoneos*]" = "iPhone Developer";
				COPY_PHASE_STRIP = NO;
				DEBUG_INFORMATION_FORMAT = dwarf;
				ENABLE_STRICT_OBJC_MSGSEND = YES;
				ENABLE_TESTABILITY = YES;
				GCC_C_LANGUAGE_STANDARD = gnu99;
				GCC_DYNAMIC_NO_PIC = NO;
				GCC_NO_COMMON_BLOCKS = YES;
				GCC_OPTIMIZATION_LEVEL = 0;
				GCC_PREPROCESSOR_DEFINITIONS = (
					"DEBUG=1",
					"$(inherited)",
				);
				GCC_WARN_64_TO_32_BIT_CONVERSION = YES;
				GCC_WARN_ABOUT_RETURN_TYPE = YES_ERROR;
				GCC_WARN_UNDECLARED_SELECTOR = YES;
				GCC_WARN_UNINITIALIZED_AUTOS = YES_AGGRESSIVE;
				GCC_WARN_UNUSED_FUNCTION = YES;
				GCC_WARN_UNUSED_VARIABLE = YES;
				IPHONEOS_DEPLOYMENT_TARGET = 9.3;
				MTL_ENABLE_DEBUG_INFO = YES;
				ONLY_ACTIVE_ARCH = YES;
				SDKROOT = iphoneos;
				SWIFT_OPTIMIZATION_LEVEL = "-Onone";
				TARGETED_DEVICE_FAMILY = "1,2";
			};
			name = Debug;
		};
		3614F5311CCF4AE70010464D /* Release */ = {
			isa = XCBuildConfiguration;
			buildSettings = {
				ALWAYS_SEARCH_USER_PATHS = NO;
				CLANG_ANALYZER_NONNULL = YES;
				CLANG_CXX_LANGUAGE_STANDARD = "gnu++0x";
				CLANG_CXX_LIBRARY = "libc++";
				CLANG_ENABLE_MODULES = YES;
				CLANG_ENABLE_OBJC_ARC = YES;
				CLANG_WARN_BOOL_CONVERSION = YES;
				CLANG_WARN_CONSTANT_CONVERSION = YES;
				CLANG_WARN_DIRECT_OBJC_ISA_USAGE = YES_ERROR;
				CLANG_WARN_EMPTY_BODY = YES;
				CLANG_WARN_ENUM_CONVERSION = YES;
				CLANG_WARN_INT_CONVERSION = YES;
				CLANG_WARN_OBJC_ROOT_CLASS = YES_ERROR;
				CLANG_WARN_UNREACHABLE_CODE = YES;
				CLANG_WARN__DUPLICATE_METHOD_MATCH = YES;
				"CODE_SIGN_IDENTITY[sdk=iphoneos*]" = "iPhone Developer";
				COPY_PHASE_STRIP = NO;
				DEBUG_INFORMATION_FORMAT = "dwarf-with-dsym";
				ENABLE_NS_ASSERTIONS = NO;
				ENABLE_STRICT_OBJC_MSGSEND = YES;
				GCC_C_LANGUAGE_STANDARD = gnu99;
				GCC_NO_COMMON_BLOCKS = YES;
				GCC_WARN_64_TO_32_BIT_CONVERSION = YES;
				GCC_WARN_ABOUT_RETURN_TYPE = YES_ERROR;
				GCC_WARN_UNDECLARED_SELECTOR = YES;
				GCC_WARN_UNINITIALIZED_AUTOS = YES_AGGRESSIVE;
				GCC_WARN_UNUSED_FUNCTION = YES;
				GCC_WARN_UNUSED_VARIABLE = YES;
				IPHONEOS_DEPLOYMENT_TARGET = 9.3;
				MTL_ENABLE_DEBUG_INFO = NO;
				SDKROOT = iphoneos;
				TARGETED_DEVICE_FAMILY = "1,2";
				VALIDATE_PRODUCT = YES;
			};
			name = Release;
		};
		3614F5331CCF4AE70010464D /* Debug */ = {
			isa = XCBuildConfiguration;
			buildSettings = {
				ASSETCATALOG_COMPILER_APPICON_NAME = AppIcon;
				INFOPLIST_FILE = Calculator/Info.plist;
				LD_RUNPATH_SEARCH_PATHS = "$(inherited) @executable_path/Frameworks";
				PRODUCT_BUNDLE_IDENTIFIER = com.jky.Calculator;
				PRODUCT_NAME = "$(TARGET_NAME)";
			};
			name = Debug;
		};
		3614F5341CCF4AE70010464D /* Release */ = {
			isa = XCBuildConfiguration;
			buildSettings = {
				ASSETCATALOG_COMPILER_APPICON_NAME = AppIcon;
				INFOPLIST_FILE = Calculator/Info.plist;
				LD_RUNPATH_SEARCH_PATHS = "$(inherited) @executable_path/Frameworks";
				PRODUCT_BUNDLE_IDENTIFIER = com.jky.Calculator;
				PRODUCT_NAME = "$(TARGET_NAME)";
			};
			name = Release;
		};
/* End XCBuildConfiguration section */

/* Begin XCConfigurationList section */
		3614F51B1CCF4AE60010464D /* Build configuration list for PBXProject "Calculator" */ = {
			isa = XCConfigurationList;
			buildConfigurations = (
				3614F5301CCF4AE70010464D /* Debug */,
				3614F5311CCF4AE70010464D /* Release */,
			);
			defaultConfigurationIsVisible = 0;
			defaultConfigurationName = Release;
		};
		3614F5321CCF4AE70010464D /* Build configuration list for PBXNativeTarget "Calculator" */ = {
			isa = XCConfigurationList;
			buildConfigurations = (
				3614F5331CCF4AE70010464D /* Debug */,
				3614F5341CCF4AE70010464D /* Release */,
			);
			defaultConfigurationIsVisible = 0;
		};
/* End XCConfigurationList section */
	};
	rootObject = 3614F5181CCF4AE60010464D /* Project object */;
}
